
Microsoft Visual Studio Solution File, Format Version 11.00
# Visual Studio 2010
Project("{FAE04EC0-301F-11D3-BF4B-00C04F79EFBC}") = "TestGame", "TestGame\TestGame\TestGame.csproj", "{29F98010-EAE9-45BF-AB08-64E8057BF9BC}"
EndProject
Project("{96E2B04D-8817-42C6-938A-82C39BA4D311}") = "TestGameContent", "TestGame\TestGameContent\TestGameContent.contentproj", "{79EDD3A2-E27F-463A-BFB5-E1D85DB678B7}"
EndProject
Global
	GlobalSection(SolutionConfigurationPlatforms) = preSolution
		Debug|x86 = Debug|x86
		Release|x86 = Release|x86
	EndGlobalSection
	GlobalSection(ProjectConfigurationPlatforms) = postSolution
		{29F98010-EAE9-45BF-AB08-64E8057BF9BC}.Debug|x86.ActiveCfg = Debug|x86
		{29F98010-EAE9-45BF-AB08-64E8057BF9BC}.Debug|x86.Build.0 = Debug|x86
		{29F98010-EAE9-45BF-AB08-64E8057BF9BC}.Release|x86.ActiveCfg = Release|x86
		{29F98010-EAE9-45BF-AB08-64E8057BF9BC}.Release|x86.Build.0 = Release|x86
		{79EDD3A2-E27F-463A-BFB5-E1D85DB678B7}.Debug|x86.ActiveCfg = Debug|x86
		{79EDD3A2-E27F-463A-BFB5-E1D85DB678B7}.Release|x86.ActiveCfg = Release|x86
	EndGlobalSection
	GlobalSection(SolutionProperties) = preSolution
		HideSolutionNode = FALSE
	EndGlobalSection
EndGlobal
